
Microsoft Visual Studio Solution File, Format Version 12.00
# Visual Studio Version 17
VisualStudioVersion = 17.14.36518.9 d17.14
MinimumVisualStudioVersion = 10.0.40219.1
Project("{FAE04EC0-301F-11D3-BF4B-00C04F79EFBC}") = "FileManager.API", "FileManager.API\FileManager.API.csproj", "{BA4A197F-079A-4249-B2F7-14E6646AE829}"
EndProject
Global
	GlobalSection(SolutionConfigurationPlatforms) = preSolution
		Debug|Any CPU = Debug|Any CPU
		Release|Any CPU = Release|Any CPU
	EndGlobalSection
	GlobalSection(ProjectConfigurationPlatforms) = postSolution
		{BA4A197F-079A-4249-B2F7-14E6646AE829}.Debug|Any CPU.ActiveCfg = Debug|Any CPU
		{BA4A197F-079A-4249-B2F7-14E6646AE829}.Debug|Any CPU.Build.0 = Debug|Any CPU
		{BA4A197F-079A-4249-B2F7-14E6646AE829}.Release|Any CPU.ActiveCfg = Release|Any CPU
		{BA4A197F-079A-4249-B2F7-14E6646AE829}.Release|Any CPU.Build.0 = Release|Any CPU
	EndGlobalSection
	GlobalSection(SolutionProperties) = preSolution
		HideSolutionNode = FALSE
	EndGlobalSection
	GlobalSection(ExtensibilityGlobals) = postSolution
		SolutionGuid = {EA5EEAA6-55A0-4992-A2CA-746D52BE216D}
	EndGlobalSection
EndGlobal
